PODS:
  - CwlCatchException (1.0.2)
  - CwlPreconditionTesting (1.1.0):
    - CwlCatchException

DEPENDENCIES:
  - CwlCatchException (from `https://github.com/mattgallagher/CwlCatchException.git`)
  - CwlPreconditionTesting (from `https://github.com/mattgallagher/CwlPreconditionTesting.git`)

EXTERNAL SOURCES:
  CwlCatchException:
    :git: https://github.com/mattgallagher/CwlCatchException.git
  CwlPreconditionTesting:
    :git: https://github.com/mattgallagher/CwlPreconditionTesting.git

CHECKOUT OPTIONS:
  CwlCatchException:
    :commit: b14c111e9b33cd142bd4bc75c482cfd5c3490923
    :git: https://github.com/mattgallagher/CwlCatchException.git
  CwlPreconditionTesting:
    :commit: b2e4800abf854366d4492051069cce7b44d20ba1
    :git: https://github.com/mattgallagher/CwlPreconditionTesting.git

SPEC CHECKSUMS:
  CwlCatchException: 70a52ae44ea5d46db7bd385f801a94942420cd8c
  CwlPreconditionTesting: d9b35890c80b34668cd90da5bef077fd817a99fc

PODFILE CHECKSUM: 540c3fa6ae55d09ebef0fe29fae919227da61157

COCOAPODS: 1.4.0.beta.2
