// !$*UTF8*$!
{
	archiveVersion = 1;
	classes = {
	};
	objectVersion = 48;
	objects = {

/* Begin PBXBuildFile section */
		1C0FF4531FC82229003B8B22 /* UIImage+Context.swift in Sources */ = {isa = PBXBuildFile; fileRef = 1C0FF4521FC82229003B8B22 /* UIImage+Context.swift */; };
		1C0FF4551FC82234003B8B22 /* UIImage+Normalized.swift in Sources */ = {isa = PBXBuildFile; fileRef = 1C0FF4541FC82234003B8B22 /* UIImage+Normalized.swift */; };
		1C0FF4571FC823A5003B8B22 /* AddAttachment.swift in Sources */ = {isa = PBXBuildFile; fileRef = 1C0FF4561FC823A5003B8B22 /* AddAttachment.swift */; };
		1C0FF4591FC8294A003B8B22 /* UIImage+Diff.swift in Sources */ = {isa = PBXBuildFile; fileRef = 1C0FF4581FC8294A003B8B22 /* UIImage+Diff.swift */; };
		1C7F066B1FC884110078CA7A /* Recordable+XCTestCase.swift in Sources */ = {isa = PBXBuildFile; fileRef = 1C7F06691FC8840B0078CA7A /* Recordable+XCTestCase.swift */; };
		1C92E5C31FC6E47300EF28C2 /* Snap.framework in Frameworks */ = {isa = PBXBuildFile; fileRef = 1C92E5B91FC6E47300EF28C2 /* Snap.framework */; };
		1C92E5C81FC6E47300EF28C2 /* SnapTests.swift in Sources */ = {isa = PBXBuildFile; fileRef = 1C92E5C71FC6E47300EF28C2 /* SnapTests.swift */; };
		1C92E5CA1FC6E47300EF28C2 /* Snap.h in Headers */ = {isa = PBXBuildFile; fileRef = 1C92E5BC1FC6E47300EF28C2 /* Snap.h */; settings = {ATTRIBUTES = (Public, ); }; };
		1C92E5E11FC6E87000EF28C2 /* UIView+Render.swift in Sources */ = {isa = PBXBuildFile; fileRef = 1C92E5E01FC6E87000EF28C2 /* UIView+Render.swift */; };
		1C92E5E51FC6F25500EF28C2 /* Expectation.swift in Sources */ = {isa = PBXBuildFile; fileRef = 1C92E5E41FC6F25500EF28C2 /* Expectation.swift */; };
		1C92E5E81FC6F28500EF28C2 /* Matcher.swift in Sources */ = {isa = PBXBuildFile; fileRef = 1C92E5E71FC6F28500EF28C2 /* Matcher.swift */; };
		1C92E5EA1FC6F2AC00EF28C2 /* SnapshotViewMatcher.swift in Sources */ = {isa = PBXBuildFile; fileRef = 1C92E5E91FC6F2AC00EF28C2 /* SnapshotViewMatcher.swift */; };
		1C92E5EC1FC6F2E300EF28C2 /* SnapshotViewExpecation.swift in Sources */ = {isa = PBXBuildFile; fileRef = 1C92E5EB1FC6F2E300EF28C2 /* SnapshotViewExpecation.swift */; };
		1C92E5EF1FC6F99100EF28C2 /* Recordable.swift in Sources */ = {isa = PBXBuildFile; fileRef = 1C92E5EE1FC6F99100EF28C2 /* Recordable.swift */; };
		1C92E5F41FC70B8A00EF28C2 /* SaveImageToDisk.swift in Sources */ = {isa = PBXBuildFile; fileRef = 1C92E5F31FC70B8A00EF28C2 /* SaveImageToDisk.swift */; };
		1C92E5F81FC70C3B00EF28C2 /* Environment.swift in Sources */ = {isa = PBXBuildFile; fileRef = 1C92E5F71FC70C3B00EF28C2 /* Environment.swift */; };
		1C92E5FA1FC70CAD00EF28C2 /* ApplicationEnvironment.swift in Sources */ = {isa = PBXBuildFile; fileRef = 1C92E5F91FC70CAD00EF28C2 /* ApplicationEnvironment.swift */; };
		1C92E5FD1FC70D5500EF28C2 /* Path.swift in Sources */ = {isa = PBXBuildFile; fileRef = 1C92E5FC1FC70D5500EF28C2 /* Path.swift */; };
		1C92E6011FC714D700EF28C2 /* TestTarget.swift in Sources */ = {isa = PBXBuildFile; fileRef = 1C92E6001FC714D700EF28C2 /* TestTarget.swift */; };
		1C92E6031FC71DC400EF28C2 /* Reference.swift in Sources */ = {isa = PBXBuildFile; fileRef = 1C92E6021FC71DC400EF28C2 /* Reference.swift */; };
		1C92E6051FC736FF00EF28C2 /* CompareImages.swift in Sources */ = {isa = PBXBuildFile; fileRef = 1C92E6041FC736FF00EF28C2 /* CompareImages.swift */; };
		1C92E6081FC742AA00EF28C2 /* UIImage+Compare.swift in Sources */ = {isa = PBXBuildFile; fileRef = 1C92E6071FC742AA00EF28C2 /* UIImage+Compare.swift */; };
		1C92E60A1FC7825F00EF28C2 /* ExtractViewImage.swift in Sources */ = {isa = PBXBuildFile; fileRef = 1C92E6091FC7825F00EF28C2 /* ExtractViewImage.swift */; };
		1CD1970A1FC8397E00263A55 /* Assembly.swift in Sources */ = {isa = PBXBuildFile; fileRef = 1CD197091FC8397E00263A55 /* Assembly.swift */; };
		1CD1970C1FC839A200263A55 /* Assembly+Actions.swift in Sources */ = {isa = PBXBuildFile; fileRef = 1CD1970B1FC839A200263A55 /* Assembly+Actions.swift */; };
		1CD1970E1FC839AE00263A55 /* Assembly+Utils.swift in Sources */ = {isa = PBXBuildFile; fileRef = 1CD1970D1FC839AE00263A55 /* Assembly+Utils.swift */; };
		1CD197121FC839C400263A55 /* Assembly+Matchers.swift in Sources */ = {isa = PBXBuildFile; fileRef = 1CD197111FC839C400263A55 /* Assembly+Matchers.swift */; };
/* End PBXBuildFile section */

/* Begin PBXContainerItemProxy section */
		1C92E5C41FC6E47300EF28C2 /* PBXContainerItemProxy */ = {
			isa = PBXContainerItemProxy;
			containerPortal = 1C92E5B01FC6E47300EF28C2 /* Project object */;
			proxyType = 1;
			remoteGlobalIDString = 1C92E5B81FC6E47300EF28C2;
			remoteInfo = Snap;
		};
/* End PBXContainerItemProxy section */

/* Begin PBXFileReference section */
		1C0FF4521FC82229003B8B22 /* UIImage+Context.swift */ = {isa = PBXFileReference; lastKnownFileType = sourcecode.swift; path = "UIImage+Context.swift"; sourceTree = "<group>"; };
		1C0FF4541FC82234003B8B22 /* UIImage+Normalized.swift */ = {isa = PBXFileReference; lastKnownFileType = sourcecode.swift; path = "UIImage+Normalized.swift"; sourceTree = "<group>"; };
		1C0FF4561FC823A5003B8B22 /* AddAttachment.swift */ = {isa = PBXFileReference; lastKnownFileType = sourcecode.swift; path = AddAttachment.swift; sourceTree = "<group>"; };
		1C0FF4581FC8294A003B8B22 /* UIImage+Diff.swift */ = {isa = PBXFileReference; lastKnownFileType = sourcecode.swift; path = "UIImage+Diff.swift"; sourceTree = "<group>"; };
		1C7F06691FC8840B0078CA7A /* Recordable+XCTestCase.swift */ = {isa = PBXFileReference; lastKnownFileType = sourcecode.swift; path = "Recordable+XCTestCase.swift"; sourceTree = "<group>"; };
		1C92E5B91FC6E47300EF28C2 /* Snap.framework */ = {isa = PBXFileReference; explicitFileType = wrapper.framework; includeInIndex = 0; path = Snap.framework; sourceTree = BUILT_PRODUCTS_DIR; };
		1C92E5BC1FC6E47300EF28C2 /* Snap.h */ = {isa = PBXFileReference; lastKnownFileType = sourcecode.c.h; path = Snap.h; sourceTree = "<group>"; };
		1C92E5BD1FC6E47300EF28C2 /* Info.plist */ = {isa = PBXFileReference; lastKnownFileType = text.plist.xml; path = Info.plist; sourceTree = "<group>"; };
		1C92E5C21FC6E47300EF28C2 /* SnapTests.xctest */ = {isa = PBXFileReference; explicitFileType = wrapper.cfbundle; includeInIndex = 0; path = SnapTests.xctest; sourceTree = BUILT_PRODUCTS_DIR; };
		1C92E5C71FC6E47300EF28C2 /* SnapTests.swift */ = {isa = PBXFileReference; lastKnownFileType = sourcecode.swift; path = SnapTests.swift; sourceTree = "<group>"; };
		1C92E5C91FC6E47300EF28C2 /* Info.plist */ = {isa = PBXFileReference; lastKnownFileType = text.plist.xml; path = Info.plist; sourceTree = "<group>"; };
		1C92E5D71FC6E52100EF28C2 /* XCTest.framework */ = {isa = PBXFileReference; lastKnownFileType = wrapper.framework; name = XCTest.framework; path = Platforms/iPhoneOS.platform/Developer/Library/Frameworks/XCTest.framework; sourceTree = DEVELOPER_DIR; };
		1C92E5E01FC6E87000EF28C2 /* UIView+Render.swift */ = {isa = PBXFileReference; lastKnownFileType = sourcecode.swift; path = "UIView+Render.swift"; sourceTree = "<group>"; };
		1C92E5E41FC6F25500EF28C2 /* Expectation.swift */ = {isa = PBXFileReference; lastKnownFileType = sourcecode.swift; path = Expectation.swift; sourceTree = "<group>"; };
		1C92E5E71FC6F28500EF28C2 /* Matcher.swift */ = {isa = PBXFileReference; lastKnownFileType = sourcecode.swift; path = Matcher.swift; sourceTree = "<group>"; };
		1C92E5E91FC6F2AC00EF28C2 /* SnapshotViewMatcher.swift */ = {isa = PBXFileReference; lastKnownFileType = sourcecode.swift; path = SnapshotViewMatcher.swift; sourceTree = "<group>"; };
		1C92E5EB1FC6F2E300EF28C2 /* SnapshotViewExpecation.swift */ = {isa = PBXFileReference; lastKnownFileType = sourcecode.swift; path = SnapshotViewExpecation.swift; sourceTree = "<group>"; };
		1C92E5EE1FC6F99100EF28C2 /* Recordable.swift */ = {isa = PBXFileReference; lastKnownFileType = sourcecode.swift; path = Recordable.swift; sourceTree = "<group>"; };
		1C92E5F31FC70B8A00EF28C2 /* SaveImageToDisk.swift */ = {isa = PBXFileReference; lastKnownFileType = sourcecode.swift; path = SaveImageToDisk.swift; sourceTree = "<group>"; };
		1C92E5F71FC70C3B00EF28C2 /* Environment.swift */ = {isa = PBXFileReference; lastKnownFileType = sourcecode.swift; path = Environment.swift; sourceTree = "<group>"; };
		1C92E5F91FC70CAD00EF28C2 /* ApplicationEnvironment.swift */ = {isa = PBXFileReference; lastKnownFileType = sourcecode.swift; path = ApplicationEnvironment.swift; sourceTree = "<group>"; };
		1C92E5FC1FC70D5500EF28C2 /* Path.swift */ = {isa = PBXFileReference; lastKnownFileType = sourcecode.swift; path = Path.swift; sourceTree = "<group>"; };
		1C92E6001FC714D700EF28C2 /* TestTarget.swift */ = {isa = PBXFileReference; lastKnownFileType = sourcecode.swift; path = TestTarget.swift; sourceTree = "<group>"; };
		1C92E6021FC71DC400EF28C2 /* Reference.swift */ = {isa = PBXFileReference; lastKnownFileType = sourcecode.swift; path = Reference.swift; sourceTree = "<group>"; };
		1C92E6041FC736FF00EF28C2 /* CompareImages.swift */ = {isa = PBXFileReference; lastKnownFileType = sourcecode.swift; path = CompareImages.swift; sourceTree = "<group>"; };
		1C92E6071FC742AA00EF28C2 /* UIImage+Compare.swift */ = {isa = PBXFileReference; lastKnownFileType = sourcecode.swift; path = "UIImage+Compare.swift"; sourceTree = "<group>"; };
		1C92E6091FC7825F00EF28C2 /* ExtractViewImage.swift */ = {isa = PBXFileReference; fileEncoding = 4; lastKnownFileType = sourcecode.swift; path = ExtractViewImage.swift; sourceTree = "<group>"; };
		1CD197091FC8397E00263A55 /* Assembly.swift */ = {isa = PBXFileReference; lastKnownFileType = sourcecode.swift; path = Assembly.swift; sourceTree = "<group>"; };
		1CD1970B1FC839A200263A55 /* Assembly+Actions.swift */ = {isa = PBXFileReference; lastKnownFileType = sourcecode.swift; path = "Assembly+Actions.swift"; sourceTree = "<group>"; };
		1CD1970D1FC839AE00263A55 /* Assembly+Utils.swift */ = {isa = PBXFileReference; lastKnownFileType = sourcecode.swift; path = "Assembly+Utils.swift"; sourceTree = "<group>"; };
		1CD197111FC839C400263A55 /* Assembly+Matchers.swift */ = {isa = PBXFileReference; lastKnownFileType = sourcecode.swift; path = "Assembly+Matchers.swift"; sourceTree = "<group>"; };
/* End PBXFileReference section */

/* Begin PBXFrameworksBuildPhase section */
		1C92E5B51FC6E47300EF28C2 /* Frameworks */ = {
			isa = PBXFrameworksBuildPhase;
			buildActionMask = 2147483647;
			files = (
			);
			runOnlyForDeploymentPostprocessing = 0;
		};
		1C92E5BF1FC6E47300EF28C2 /* Frameworks */ = {
			isa = PBXFrameworksBuildPhase;
			buildActionMask = 2147483647;
			files = (
				1C92E5C31FC6E47300EF28C2 /* Snap.framework in Frameworks */,
			);
			runOnlyForDeploymentPostprocessing = 0;
		};
/* End PBXFrameworksBuildPhase section */

/* Begin PBXGroup section */
		1C92E5AF1FC6E47300EF28C2 = {
			isa = PBXGroup;
			children = (
				1C92E5BB1FC6E47300EF28C2 /* Snap */,
				1C92E5C61FC6E47300EF28C2 /* SnapTests */,
				1C92E5BA1FC6E47300EF28C2 /* Products */,
				1C92E5D61FC6E52100EF28C2 /* Frameworks */,
			);
			sourceTree = "<group>";
		};
		1C92E5BA1FC6E47300EF28C2 /* Products */ = {
			isa = PBXGroup;
			children = (
				1C92E5B91FC6E47300EF28C2 /* Snap.framework */,
				1C92E5C21FC6E47300EF28C2 /* SnapTests.xctest */,
			);
			name = Products;
			sourceTree = "<group>";
		};
		1C92E5BB1FC6E47300EF28C2 /* Snap */ = {
			isa = PBXGroup;
			children = (
				1C92E5BC1FC6E47300EF28C2 /* Snap.h */,
				1C92E5BD1FC6E47300EF28C2 /* Info.plist */,
				1C92E5DC1FC6E66900EF28C2 /* Core */,
			);
			path = Snap;
			sourceTree = "<group>";
		};
		1C92E5C61FC6E47300EF28C2 /* SnapTests */ = {
			isa = PBXGroup;
			children = (
				1C92E5C71FC6E47300EF28C2 /* SnapTests.swift */,
				1C92E5C91FC6E47300EF28C2 /* Info.plist */,
			);
			path = SnapTests;
			sourceTree = "<group>";
		};
		1C92E5D61FC6E52100EF28C2 /* Frameworks */ = {
			isa = PBXGroup;
			children = (
				1C92E5D71FC6E52100EF28C2 /* XCTest.framework */,
			);
			name = Frameworks;
			sourceTree = "<group>";
		};
		1C92E5DC1FC6E66900EF28C2 /* Core */ = {
			isa = PBXGroup;
			children = (
				1C92E5E21FC6F24200EF28C2 /* Application */,
				1C92E5FE1FC714C200EF28C2 /* Domain */,
				1C92E5DD1FC6E85300EF28C2 /* Infrastructure */,
			);
			path = Core;
			sourceTree = "<group>";
		};
		1C92E5DD1FC6E85300EF28C2 /* Infrastructure */ = {
			isa = PBXGroup;
			children = (
				1CD197081FC8393100263A55 /* Assembly */,
				1C92E5DE1FC6E85B00EF28C2 /* Extension */,
				1C92E5F51FC70C2800EF28C2 /* Utils */,
			);
			path = Infrastructure;
			sourceTree = "<group>";
		};
		1C92E5DE1FC6E85B00EF28C2 /* Extension */ = {
			isa = PBXGroup;
			children = (
				1C92E6061FC7429D00EF28C2 /* UIImage */,
				1C92E5DF1FC6E86500EF28C2 /* UIView */,
			);
			path = Extension;
			sourceTree = "<group>";
		};
		1C92E5DF1FC6E86500EF28C2 /* UIView */ = {
			isa = PBXGroup;
			children = (
				1C92E5E01FC6E87000EF28C2 /* UIView+Render.swift */,
			);
			path = UIView;
			sourceTree = "<group>";
		};
		1C92E5E21FC6F24200EF28C2 /* Application */ = {
			isa = PBXGroup;
			children = (
				1C92E5F01FC7086A00EF28C2 /* Actions */,
				1C92E5ED1FC6F98A00EF28C2 /* Recordable */,
				1C92E5E31FC6F24B00EF28C2 /* Expectation */,
				1C92E5E61FC6F27900EF28C2 /* Matcher */,
			);
			path = Application;
			sourceTree = "<group>";
		};
		1C92E5E31FC6F24B00EF28C2 /* Expectation */ = {
			isa = PBXGroup;
			children = (
				1C92E5E41FC6F25500EF28C2 /* Expectation.swift */,
				1C92E5EB1FC6F2E300EF28C2 /* SnapshotViewExpecation.swift */,
			);
			path = Expectation;
			sourceTree = "<group>";
		};
		1C92E5E61FC6F27900EF28C2 /* Matcher */ = {
			isa = PBXGroup;
			children = (
				1C92E5E71FC6F28500EF28C2 /* Matcher.swift */,
				1C92E5E91FC6F2AC00EF28C2 /* SnapshotViewMatcher.swift */,
			);
			path = Matcher;
			sourceTree = "<group>";
		};
		1C92E5ED1FC6F98A00EF28C2 /* Recordable */ = {
			isa = PBXGroup;
			children = (
				1C92E5EE1FC6F99100EF28C2 /* Recordable.swift */,
				1C7F06691FC8840B0078CA7A /* Recordable+XCTestCase.swift */,
			);
			path = Recordable;
			sourceTree = "<group>";
		};
		1C92E5F01FC7086A00EF28C2 /* Actions */ = {
			isa = PBXGroup;
			children = (
				1C92E6091FC7825F00EF28C2 /* ExtractViewImage.swift */,
				1C92E5F31FC70B8A00EF28C2 /* SaveImageToDisk.swift */,
				1C92E6041FC736FF00EF28C2 /* CompareImages.swift */,
				1C0FF4561FC823A5003B8B22 /* AddAttachment.swift */,
			);
			path = Actions;
			sourceTree = "<group>";
		};
		1C92E5F51FC70C2800EF28C2 /* Utils */ = {
			isa = PBXGroup;
			children = (
				1C92E5FB1FC70D4E00EF28C2 /* Path */,
				1C92E5F61FC70C3300EF28C2 /* Environment */,
			);
			path = Utils;
			sourceTree = "<group>";
		};
		1C92E5F61FC70C3300EF28C2 /* Environment */ = {
			isa = PBXGroup;
			children = (
				1C92E5F71FC70C3B00EF28C2 /* Environment.swift */,
				1C92E5F91FC70CAD00EF28C2 /* ApplicationEnvironment.swift */,
			);
			path = Environment;
			sourceTree = "<group>";
		};
		1C92E5FB1FC70D4E00EF28C2 /* Path */ = {
			isa = PBXGroup;
			children = (
				1C92E5FC1FC70D5500EF28C2 /* Path.swift */,
			);
			path = Path;
			sourceTree = "<group>";
		};
		1C92E5FE1FC714C200EF28C2 /* Domain */ = {
			isa = PBXGroup;
			children = (
				1C92E5FF1FC714C200EF28C2 /* Model */,
			);
			path = Domain;
			sourceTree = "<group>";
		};
		1C92E5FF1FC714C200EF28C2 /* Model */ = {
			isa = PBXGroup;
			children = (
				1C92E6001FC714D700EF28C2 /* TestTarget.swift */,
				1C92E6021FC71DC400EF28C2 /* Reference.swift */,
			);
			path = Model;
			sourceTree = "<group>";
		};
		1C92E6061FC7429D00EF28C2 /* UIImage */ = {
			isa = PBXGroup;
			children = (
				1C92E6071FC742AA00EF28C2 /* UIImage+Compare.swift */,
				1C0FF4521FC82229003B8B22 /* UIImage+Context.swift */,
				1C0FF4541FC82234003B8B22 /* UIImage+Normalized.swift */,
				1C0FF4581FC8294A003B8B22 /* UIImage+Diff.swift */,
			);
			path = UIImage;
			sourceTree = "<group>";
		};
		1CD197081FC8393100263A55 /* Assembly */ = {
			isa = PBXGroup;
			children = (
				1CD197091FC8397E00263A55 /* Assembly.swift */,
				1CD1970B1FC839A200263A55 /* Assembly+Actions.swift */,
				1CD197111FC839C400263A55 /* Assembly+Matchers.swift */,
				1CD1970D1FC839AE00263A55 /* Assembly+Utils.swift */,
			);
			path = Assembly;
			sourceTree = "<group>";
		};
/* End PBXGroup section */

/* Begin PBXHeadersBuildPhase section */
		1C92E5B61FC6E47300EF28C2 /* Headers */ = {
			isa = PBXHeadersBuildPhase;
			buildActionMask = 2147483647;
			files = (
				1C92E5CA1FC6E47300EF28C2 /* Snap.h in Headers */,
			);
			runOnlyForDeploymentPostprocessing = 0;
		};
/* End PBXHeadersBuildPhase section */

/* Begin PBXNativeTarget section */
		1C92E5B81FC6E47300EF28C2 /* Snap */ = {
			isa = PBXNativeTarget;
			buildConfigurationList = 1C92E5CD1FC6E47300EF28C2 /* Build configuration list for PBXNativeTarget "Snap" */;
			buildPhases = (
				1C92E5B41FC6E47300EF28C2 /* Sources */,
				1C92E5B51FC6E47300EF28C2 /* Frameworks */,
				1C92E5B61FC6E47300EF28C2 /* Headers */,
				1C92E5B71FC6E47300EF28C2 /* Resources */,
			);
			buildRules = (
			);
			dependencies = (
			);
			name = Snap;
			productName = Snap;
			productReference = 1C92E5B91FC6E47300EF28C2 /* Snap.framework */;
			productType = "com.apple.product-type.framework";
		};
		1C92E5C11FC6E47300EF28C2 /* SnapTests */ = {
			isa = PBXNativeTarget;
			buildConfigurationList = 1C92E5D01FC6E47300EF28C2 /* Build configuration list for PBXNativeTarget "SnapTests" */;
			buildPhases = (
				1C7F066C1FC889DC0078CA7A /* Swiftlint */,
				1C92E5BE1FC6E47300EF28C2 /* Sources */,
				1C92E5BF1FC6E47300EF28C2 /* Frameworks */,
				1C92E5C01FC6E47300EF28C2 /* Resources */,
			);
			buildRules = (
			);
			dependencies = (
				1C92E5C51FC6E47300EF28C2 /* PBXTargetDependency */,
			);
			name = SnapTests;
			productName = SnapTests;
			productReference = 1C92E5C21FC6E47300EF28C2 /* SnapTests.xctest */;
			productType = "com.apple.product-type.bundle.unit-test";
		};
/* End PBXNativeTarget section */

/* Begin PBXProject section */
		1C92E5B01FC6E47300EF28C2 /* Project object */ = {
			isa = PBXProject;
			attributes = {
				LastSwiftUpdateCheck = 0910;
				LastUpgradeCheck = 0910;
				ORGANIZATIONNAME = Skydev;
				TargetAttributes = {
					1C92E5B81FC6E47300EF28C2 = {
						CreatedOnToolsVersion = 9.1;
						LastSwiftMigration = 0910;
						ProvisioningStyle = Automatic;
					};
					1C92E5C11FC6E47300EF28C2 = {
						CreatedOnToolsVersion = 9.1;
						ProvisioningStyle = Automatic;
					};
				};
			};
			buildConfigurationList = 1C92E5B31FC6E47300EF28C2 /* Build configuration list for PBXProject "Snap" */;
			compatibilityVersion = "Xcode 8.0";
			developmentRegion = en;
			hasScannedForEncodings = 0;
			knownRegions = (
				en,
			);
			mainGroup = 1C92E5AF1FC6E47300EF28C2;
			productRefGroup = 1C92E5BA1FC6E47300EF28C2 /* Products */;
			projectDirPath = "";
			projectRoot = "";
			targets = (
				1C92E5B81FC6E47300EF28C2 /* Snap */,
				1C92E5C11FC6E47300EF28C2 /* SnapTests */,
			);
		};
/* End PBXProject section */

/* Begin PBXResourcesBuildPhase section */
		1C92E5B71FC6E47300EF28C2 /* Resources */ = {
			isa = PBXResourcesBuildPhase;
			buildActionMask = 2147483647;
			files = (
			);
			runOnlyForDeploymentPostprocessing = 0;
		};
		1C92E5C01FC6E47300EF28C2 /* Resources */ = {
			isa = PBXResourcesBuildPhase;
			buildActionMask = 2147483647;
			files = (
			);
			runOnlyForDeploymentPostprocessing = 0;
		};
/* End PBXResourcesBuildPhase section */

/* Begin PBXShellScriptBuildPhase section */
		1C7F066C1FC889DC0078CA7A /* Swiftlint */ = {
			isa = PBXShellScriptBuildPhase;
			buildActionMask = 2147483647;
			files = (
			);
			inputPaths = (
			);
			name = Swiftlint;
			outputPaths = (
			);
			runOnlyForDeploymentPostprocessing = 0;
			shellPath = /bin/sh;
			shellScript = "if which swiftlint >/dev/null; then\n    swiftlint\nelse\n    echo \"warning: SwiftLint not installed, download from https://github.com/realm/SwiftLint\"\nfi";
		};
/* End PBXShellScriptBuildPhase section */

/* Begin PBXSourcesBuildPhase section */
		1C92E5B41FC6E47300EF28C2 /* Sources */ = {
			isa = PBXSourcesBuildPhase;
			buildActionMask = 2147483647;
			files = (
			);
			runOnlyForDeploymentPostprocessing = 0;
		};
		1C92E5BE1FC6E47300EF28C2 /* Sources */ = {
			isa = PBXSourcesBuildPhase;
			buildActionMask = 2147483647;
			files = (
				1C92E6031FC71DC400EF28C2 /* Reference.swift in Sources */,
				1C92E5E51FC6F25500EF28C2 /* Expectation.swift in Sources */,
				1C0FF4551FC82234003B8B22 /* UIImage+Normalized.swift in Sources */,
				1C92E5C81FC6E47300EF28C2 /* SnapTests.swift in Sources */,
				1C0FF4531FC82229003B8B22 /* UIImage+Context.swift in Sources */,
				1CD1970E1FC839AE00263A55 /* Assembly+Utils.swift in Sources */,
				1C92E5EA1FC6F2AC00EF28C2 /* SnapshotViewMatcher.swift in Sources */,
				1CD197121FC839C400263A55 /* Assembly+Matchers.swift in Sources */,
				1C92E5E81FC6F28500EF28C2 /* Matcher.swift in Sources */,
				1C92E5E11FC6E87000EF28C2 /* UIView+Render.swift in Sources */,
				1C92E6051FC736FF00EF28C2 /* CompareImages.swift in Sources */,
				1C92E6081FC742AA00EF28C2 /* UIImage+Compare.swift in Sources */,
				1CD1970A1FC8397E00263A55 /* Assembly.swift in Sources */,
				1C0FF4591FC8294A003B8B22 /* UIImage+Diff.swift in Sources */,
				1C92E5EF1FC6F99100EF28C2 /* Recordable.swift in Sources */,
				1C92E5FA1FC70CAD00EF28C2 /* ApplicationEnvironment.swift in Sources */,
				1C92E5EC1FC6F2E300EF28C2 /* SnapshotViewExpecation.swift in Sources */,
				1CD1970C1FC839A200263A55 /* Assembly+Actions.swift in Sources */,
				1C92E60A1FC7825F00EF28C2 /* ExtractViewImage.swift in Sources */,
				1C92E6011FC714D700EF28C2 /* TestTarget.swift in Sources */,
				1C7F066B1FC884110078CA7A /* Recordable+XCTestCase.swift in Sources */,
				1C0FF4571FC823A5003B8B22 /* AddAttachment.swift in Sources */,
				1C92E5FD1FC70D5500EF28C2 /* Path.swift in Sources */,
				1C92E5F41FC70B8A00EF28C2 /* SaveImageToDisk.swift in Sources */,
				1C92E5F81FC70C3B00EF28C2 /* Environment.swift in Sources */,
			);
			runOnlyForDeploymentPostprocessing = 0;
		};
/* End PBXSourcesBuildPhase section */

/* Begin PBXTargetDependency section */
		1C92E5C51FC6E47300EF28C2 /* PBXTargetDependency */ = {
			isa = PBXTargetDependency;
			target = 1C92E5B81FC6E47300EF28C2 /* Snap */;
			targetProxy = 1C92E5C41FC6E47300EF28C2 /* PBXContainerItemProxy */;
		};
/* End PBXTargetDependency section */

/* Begin XCBuildConfiguration section */
		1C92E5CB1FC6E47300EF28C2 /* Debug */ = {
			isa = XCBuildConfiguration;
			buildSettings = {
				ALWAYS_SEARCH_USER_PATHS = NO;
				CLANG_ANALYZER_NONNULL = YES;
				CLANG_ANALYZER_NUMBER_OBJECT_CONVERSION = YES_AGGRESSIVE;
				CLANG_CXX_LANGUAGE_STANDARD = "gnu++14";
				CLANG_CXX_LIBRARY = "libc++";
				CLANG_ENABLE_MODULES = YES;
				CLANG_ENABLE_OBJC_ARC = YES;
				CLANG_WARN_BLOCK_CAPTURE_AUTORELEASING = YES;
				CLANG_WARN_BOOL_CONVERSION = YES;
				CLANG_WARN_COMMA = YES;
				CLANG_WARN_CONSTANT_CONVERSION = YES;
				CLANG_WARN_DIRECT_OBJC_ISA_USAGE = YES_ERROR;
				CLANG_WARN_DOCUMENTATION_COMMENTS = YES;
				CLANG_WARN_EMPTY_BODY = YES;
				CLANG_WARN_ENUM_CONVERSION = YES;
				CLANG_WARN_INFINITE_RECURSION = YES;
				CLANG_WARN_INT_CONVERSION = YES;
				CLANG_WARN_NON_LITERAL_NULL_CONVERSION = YES;
				CLANG_WARN_OBJC_LITERAL_CONVERSION = YES;
				CLANG_WARN_OBJC_ROOT_CLASS = YES_ERROR;
				CLANG_WARN_RANGE_LOOP_ANALYSIS = YES;
				CLANG_WARN_STRICT_PROTOTYPES = YES;
				CLANG_WARN_SUSPICIOUS_MOVE = YES;
				CLANG_WARN_UNGUARDED_AVAILABILITY = YES_AGGRESSIVE;
				CLANG_WARN_UNREACHABLE_CODE = YES;
				CLANG_WARN__DUPLICATE_METHOD_MATCH = YES;
				CODE_SIGN_IDENTITY = "iPhone Developer";
				COPY_PHASE_STRIP = NO;
				CURRENT_PROJECT_VERSION = 1;
				DEBUG_INFORMATION_FORMAT = dwarf;
				ENABLE_STRICT_OBJC_MSGSEND = YES;
				ENABLE_TESTABILITY = YES;
				GCC_C_LANGUAGE_STANDARD = gnu11;
				GCC_DYNAMIC_NO_PIC = NO;
				GCC_NO_COMMON_BLOCKS = YES;
				GCC_OPTIMIZATION_LEVEL = 0;
				GCC_PREPROCESSOR_DEFINITIONS = (
					"DEBUG=1",
					"$(inherited)",
				);
				GCC_WARN_64_TO_32_BIT_CONVERSION = YES;
				GCC_WARN_ABOUT_RETURN_TYPE = YES_ERROR;
				GCC_WARN_UNDECLARED_SELECTOR = YES;
				GCC_WARN_UNINITIALIZED_AUTOS = YES_AGGRESSIVE;
				GCC_WARN_UNUSED_FUNCTION = YES;
				GCC_WARN_UNUSED_VARIABLE = YES;
				IPHONEOS_DEPLOYMENT_TARGET = 11.1;
				MTL_ENABLE_DEBUG_INFO = YES;
				ONLY_ACTIVE_ARCH = YES;
				SDKROOT = iphoneos;
				SWIFT_ACTIVE_COMPILATION_CONDITIONS = DEBUG;
				SWIFT_OPTIMIZATION_LEVEL = "-Onone";
				VERSIONING_SYSTEM = "apple-generic";
				VERSION_INFO_PREFIX = "";
			};
			name = Debug;
		};
		1C92E5CC1FC6E47300EF28C2 /* Release */ = {
			isa = XCBuildConfiguration;
			buildSettings = {
				ALWAYS_SEARCH_USER_PATHS = NO;
				CLANG_ANALYZER_NONNULL = YES;
				CLANG_ANALYZER_NUMBER_OBJECT_CONVERSION = YES_AGGRESSIVE;
				CLANG_CXX_LANGUAGE_STANDARD = "gnu++14";
				CLANG_CXX_LIBRARY = "libc++";
				CLANG_ENABLE_MODULES = YES;
				CLANG_ENABLE_OBJC_ARC = YES;
				CLANG_WARN_BLOCK_CAPTURE_AUTORELEASING = YES;
				CLANG_WARN_BOOL_CONVERSION = YES;
				CLANG_WARN_COMMA = YES;
				CLANG_WARN_CONSTANT_CONVERSION = YES;
				CLANG_WARN_DIRECT_OBJC_ISA_USAGE = YES_ERROR;
				CLANG_WARN_DOCUMENTATION_COMMENTS = YES;
				CLANG_WARN_EMPTY_BODY = YES;
				CLANG_WARN_ENUM_CONVERSION = YES;
				CLANG_WARN_INFINITE_RECURSION = YES;
				CLANG_WARN_INT_CONVERSION = YES;
				CLANG_WARN_NON_LITERAL_NULL_CONVERSION = YES;
				CLANG_WARN_OBJC_LITERAL_CONVERSION = YES;
				CLANG_WARN_OBJC_ROOT_CLASS = YES_ERROR;
				CLANG_WARN_RANGE_LOOP_ANALYSIS = YES;
				CLANG_WARN_STRICT_PROTOTYPES = YES;
				CLANG_WARN_SUSPICIOUS_MOVE = YES;
				CLANG_WARN_UNGUARDED_AVAILABILITY = YES_AGGRESSIVE;
				CLANG_WARN_UNREACHABLE_CODE = YES;
				CLANG_WARN__DUPLICATE_METHOD_MATCH = YES;
				CODE_SIGN_IDENTITY = "iPhone Developer";
				COPY_PHASE_STRIP = NO;
				CURRENT_PROJECT_VERSION = 1;
				DEBUG_INFORMATION_FORMAT = "dwarf-with-dsym";
				ENABLE_NS_ASSERTIONS = NO;
				ENABLE_STRICT_OBJC_MSGSEND = YES;
				GCC_C_LANGUAGE_STANDARD = gnu11;
				GCC_NO_COMMON_BLOCKS = YES;
				GCC_WARN_64_TO_32_BIT_CONVERSION = YES;
				GCC_WARN_ABOUT_RETURN_TYPE = YES_ERROR;
				GCC_WARN_UNDECLARED_SELECTOR = YES;
				GCC_WARN_UNINITIALIZED_AUTOS = YES_AGGRESSIVE;
				GCC_WARN_UNUSED_FUNCTION = YES;
				GCC_WARN_UNUSED_VARIABLE = YES;
				IPHONEOS_DEPLOYMENT_TARGET = 11.1;
				MTL_ENABLE_DEBUG_INFO = NO;
				SDKROOT = iphoneos;
				SWIFT_OPTIMIZATION_LEVEL = "-Owholemodule";
				VALIDATE_PRODUCT = YES;
				VERSIONING_SYSTEM = "apple-generic";
				VERSION_INFO_PREFIX = "";
			};
			name = Release;
		};
		1C92E5CE1FC6E47300EF28C2 /* Debug */ = {
			isa = XCBuildConfiguration;
			buildSettings = {
				CLANG_ENABLE_MODULES = YES;
				CODE_SIGN_IDENTITY = "";
				CODE_SIGN_STYLE = Automatic;
				DEFINES_MODULE = YES;
				DEVELOPMENT_TEAM = 3ZGLM2XX3U;
				DYLIB_COMPATIBILITY_VERSION = 1;
				DYLIB_CURRENT_VERSION = 1;
				DYLIB_INSTALL_NAME_BASE = "@rpath";
				INFOPLIST_FILE = Snap/Info.plist;
				INSTALL_PATH = "$(LOCAL_LIBRARY_DIR)/Frameworks";
				LD_RUNPATH_SEARCH_PATHS = "$(inherited) @executable_path/Frameworks @loader_path/Frameworks";
				PRODUCT_BUNDLE_IDENTIFIER = in.skydev.Snap;
				PRODUCT_NAME = "$(TARGET_NAME:c99extidentifier)";
				SKIP_INSTALL = YES;
				SWIFT_OPTIMIZATION_LEVEL = "-Onone";
				SWIFT_VERSION = 4.0;
				TARGETED_DEVICE_FAMILY = "1,2";
			};
			name = Debug;
		};
		1C92E5CF1FC6E47300EF28C2 /* Release */ = {
			isa = XCBuildConfiguration;
			buildSettings = {
				CLANG_ENABLE_MODULES = YES;
				CODE_SIGN_IDENTITY = "";
				CODE_SIGN_STYLE = Automatic;
				DEFINES_MODULE = YES;
				DEVELOPMENT_TEAM = 3ZGLM2XX3U;
				DYLIB_COMPATIBILITY_VERSION = 1;
				DYLIB_CURRENT_VERSION = 1;
				DYLIB_INSTALL_NAME_BASE = "@rpath";
				INFOPLIST_FILE = Snap/Info.plist;
				INSTALL_PATH = "$(LOCAL_LIBRARY_DIR)/Frameworks";
				LD_RUNPATH_SEARCH_PATHS = "$(inherited) @executable_path/Frameworks @loader_path/Frameworks";
				PRODUCT_BUNDLE_IDENTIFIER = in.skydev.Snap;
				PRODUCT_NAME = "$(TARGET_NAME:c99extidentifier)";
				SKIP_INSTALL = YES;
				SWIFT_VERSION = 4.0;
				TARGETED_DEVICE_FAMILY = "1,2";
			};
			name = Release;
		};
		1C92E5D11FC6E47300EF28C2 /* Debug */ = {
			isa = XCBuildConfiguration;
			buildSettings = {
				CODE_SIGN_STYLE = Automatic;
				DEVELOPMENT_TEAM = 3ZGLM2XX3U;
				INFOPLIST_FILE = SnapTests/Info.plist;
				LD_RUNPATH_SEARCH_PATHS = "$(inherited) @executable_path/Frameworks @loader_path/Frameworks";
				PRODUCT_BUNDLE_IDENTIFIER = in.skydev.SnapTests;
				PRODUCT_NAME = "$(TARGET_NAME)";
				SWIFT_VERSION = 4.0;
				TARGETED_DEVICE_FAMILY = "1,2";
			};
			name = Debug;
		};
		1C92E5D21FC6E47300EF28C2 /* Release */ = {
			isa = XCBuildConfiguration;
			buildSettings = {
				CODE_SIGN_STYLE = Automatic;
				DEVELOPMENT_TEAM = 3ZGLM2XX3U;
				INFOPLIST_FILE = SnapTests/Info.plist;
				LD_RUNPATH_SEARCH_PATHS = "$(inherited) @executable_path/Frameworks @loader_path/Frameworks";
				PRODUCT_BUNDLE_IDENTIFIER = in.skydev.SnapTests;
				PRODUCT_NAME = "$(TARGET_NAME)";
				SWIFT_VERSION = 4.0;
				TARGETED_DEVICE_FAMILY = "1,2";
			};
			name = Release;
		};
/* End XCBuildConfiguration section */

/* Begin XCConfigurationList section */
		1C92E5B31FC6E47300EF28C2 /* Build configuration list for PBXProject "Snap" */ = {
			isa = XCConfigurationList;
			buildConfigurations = (
				1C92E5CB1FC6E47300EF28C2 /* Debug */,
				1C92E5CC1FC6E47300EF28C2 /* Release */,
			);
			defaultConfigurationIsVisible = 0;
			defaultConfigurationName = Release;
		};
		1C92E5CD1FC6E47300EF28C2 /* Build configuration list for PBXNativeTarget "Snap" */ = {
			isa = XCConfigurationList;
			buildConfigurations = (
				1C92E5CE1FC6E47300EF28C2 /* Debug */,
				1C92E5CF1FC6E47300EF28C2 /* Release */,
			);
			defaultConfigurationIsVisible = 0;
			defaultConfigurationName = Release;
		};
		1C92E5D01FC6E47300EF28C2 /* Build configuration list for PBXNativeTarget "SnapTests" */ = {
			isa = XCConfigurationList;
			buildConfigurations = (
				1C92E5D11FC6E47300EF28C2 /* Debug */,
				1C92E5D21FC6E47300EF28C2 /* Release */,
			);
			defaultConfigurationIsVisible = 0;
			defaultConfigurationName = Release;
		};
/* End XCConfigurationList section */
	};
	rootObject = 1C92E5B01FC6E47300EF28C2 /* Project object */;
}
